
Microsoft Visual Studio Solution File, Format Version 12.00
# Visual Studio Version 16
VisualStudioVersion = 16.0.31624.102
MinimumVisualStudioVersion = 10.0.40219.1
Project("{FAE04EC0-301F-11D3-BF4B-00C04F79EFBC}") = "MvcBus", "MvcBus\MvcBus.csproj", "{BEF7624A-8208-413C-B431-5AF87AB0D814}"
EndProject
Global
	GlobalSection(SolutionConfigurationPlatforms) = preSolution
		Debug|Any CPU = Debug|Any CPU
		Release|Any CPU = Release|Any CPU
	EndGlobalSection
	GlobalSection(ProjectConfigurationPlatforms) = postSolution
		{BEF7624A-8208-413C-B431-5AF87AB0D814}.Debug|Any CPU.ActiveCfg = Debug|Any CPU
		{BEF7624A-8208-413C-B431-5AF87AB0D814}.Debug|Any CPU.Build.0 = Debug|Any CPU
		{BEF7624A-8208-413C-B431-5AF87AB0D814}.Release|Any CPU.ActiveCfg = Release|Any CPU
		{BEF7624A-8208-413C-B431-5AF87AB0D814}.Release|Any CPU.Build.0 = Release|Any CPU
	EndGlobalSection
	GlobalSection(SolutionProperties) = preSolution
		HideSolutionNode = FALSE
	EndGlobalSection
	GlobalSection(ExtensibilityGlobals) = postSolution
		SolutionGuid = {42A33E3B-4739-4541-8F0C-D51041E6513E}
	EndGlobalSection
EndGlobal
